
Microsoft Visual Studio Solution File, Format Version 12.00
# Visual Studio 15
VisualStudioVersion = 15.0.27703.2035
MinimumVisualStudioVersion = 10.0.40219.1
Project("{FAE04EC0-301F-11D3-BF4B-00C04F79EFBC}") = "ConsoleWebSocketServer", "ConsoleWebSocketServer\ConsoleWebSocketServer.csproj", "{3085CEC8-5C67-4C19-90AA-9CC4DF57500A}"
EndProject
Project("{FAE04EC0-301F-11D3-BF4B-00C04F79EFBC}") = "AndroidWebSocketClient", "AndroidWebSocketClient\AndroidWebSocketClient.csproj", "{F280DA99-11FF-42E7-BB15-18C6E38FDF1D}"
EndProject
Global
	GlobalSection(SolutionConfigurationPlatforms) = preSolution
		Debug|Any CPU = Debug|Any CPU
		Release|Any CPU = Release|Any CPU
	EndGlobalSection
	GlobalSection(ProjectConfigurationPlatforms) = postSolution
		{3085CEC8-5C67-4C19-90AA-9CC4DF57500A}.Debug|Any CPU.ActiveCfg = Debug|Any CPU
		{3085CEC8-5C67-4C19-90AA-9CC4DF57500A}.Debug|Any CPU.Build.0 = Debug|Any CPU
		{3085CEC8-5C67-4C19-90AA-9CC4DF57500A}.Release|Any CPU.ActiveCfg = Release|Any CPU
		{3085CEC8-5C67-4C19-90AA-9CC4DF57500A}.Release|Any CPU.Build.0 = Release|Any CPU
		{F280DA99-11FF-42E7-BB15-18C6E38FDF1D}.Debug|Any CPU.ActiveCfg = Debug|Any CPU
		{F280DA99-11FF-42E7-BB15-18C6E38FDF1D}.Debug|Any CPU.Build.0 = Debug|Any CPU
		{F280DA99-11FF-42E7-BB15-18C6E38FDF1D}.Debug|Any CPU.Deploy.0 = Debug|Any CPU
		{F280DA99-11FF-42E7-BB15-18C6E38FDF1D}.Release|Any CPU.ActiveCfg = Release|Any CPU
		{F280DA99-11FF-42E7-BB15-18C6E38FDF1D}.Release|Any CPU.Build.0 = Release|Any CPU
		{F280DA99-11FF-42E7-BB15-18C6E38FDF1D}.Release|Any CPU.Deploy.0 = Release|Any CPU
	EndGlobalSection
	GlobalSection(SolutionProperties) = preSolution
		HideSolutionNode = FALSE
	EndGlobalSection
	GlobalSection(ExtensibilityGlobals) = postSolution
		SolutionGuid = {DC4AE2A7-8B82-44D0-BA97-FC6DBCB2F10C}
	EndGlobalSection
EndGlobal
